
Microsoft Visual Studio Solution File, Format Version 12.00
# Visual Studio Version 17
VisualStudioVersion = 17.5.002.0
MinimumVisualStudioVersion = 10.0.40219.1
Project("{9A19103F-16F7-4668-BE54-9A1E7A4F7556}") = "stationicweb", "stationicweb.csproj", "{3E3DB8C7-F0FB-411B-BFE0-99AC017C7C64}"
EndProject
Global
	GlobalSection(SolutionConfigurationPlatforms) = preSolution
		Debug|Any CPU = Debug|Any CPU
		Release|Any CPU = Release|Any CPU
	EndGlobalSection
	GlobalSection(ProjectConfigurationPlatforms) = postSolution
		{3E3DB8C7-F0FB-411B-BFE0-99AC017C7C64}.Debug|Any CPU.ActiveCfg = Debug|Any CPU
		{3E3DB8C7-F0FB-411B-BFE0-99AC017C7C64}.Debug|Any CPU.Build.0 = Debug|Any CPU
		{3E3DB8C7-F0FB-411B-BFE0-99AC017C7C64}.Release|Any CPU.ActiveCfg = Release|Any CPU
		{3E3DB8C7-F0FB-411B-BFE0-99AC017C7C64}.Release|Any CPU.Build.0 = Release|Any CPU
	EndGlobalSection
	GlobalSection(SolutionProperties) = preSolution
		HideSolutionNode = FALSE
	EndGlobalSection
	GlobalSection(ExtensibilityGlobals) = postSolution
		SolutionGuid = {E89A73AD-F6B0-4CD6-A5F0-73AE88BAB4ED}
	EndGlobalSection
EndGlobal
